{
  "name": "@backlight-dev/sulky-security-0ia5z.blank-lc8n27le",
  "version": "0.0.0",
  "lockfileVersion": 2,
  "requires": true,
  "packages": {
    "": {
      "name": "@backlight-dev/sulky-security-0ia5z.blank-lc8n27le",
      "version": "0.0.0",
      "license": "MIT",
      "devDependencies": {}
    }
  }
}
